// !$*UTF8*$!
{
	archiveVersion = 1;
	classes = {
	};
	objectVersion = 50;
	objects = {

/* Begin PBXBuildFile section */
		B5615DA22284051E0032BF41 /* AppDelegate.swift in Sources */ = {isa = PBXBuildFile; fileRef = B5615DA12284051E0032BF41 /* AppDelegate.swift */; };
		B5615DA42284051E0032BF41 /* ViewController.swift in Sources */ = {isa = PBXBuildFile; fileRef = B5615DA32284051E0032BF41 /* ViewController.swift */; };
		B5615DA72284051E0032BF41 /* Main.storyboard in Resources */ = {isa = PBXBuildFile; fileRef = B5615DA52284051E0032BF41 /* Main.storyboard */; };
		B5615DA92284051F0032BF41 /* Assets.xcassets in Resources */ = {isa = PBXBuildFile; fileRef = B5615DA82284051F0032BF41 /* Assets.xcassets */; };
		B5615DAC2284051F0032BF41 /* LaunchScreen.storyboard in Resources */ = {isa = PBXBuildFile; fileRef = B5615DAA2284051F0032BF41 /* LaunchScreen.storyboard */; };
		B5615DB72284051F0032BF41 /* SwiftLayaNativeTests.swift in Sources */ = {isa = PBXBuildFile; fileRef = B5615DB62284051F0032BF41 /* SwiftLayaNativeTests.swift */; };
		B5615DC22284051F0032BF41 /* SwiftLayaNativeUITests.swift in Sources */ = {isa = PBXBuildFile; fileRef = B5615DC12284051F0032BF41 /* SwiftLayaNativeUITests.swift */; };
		B5615DD3228406400032BF41 /* ReadingGamesViewController.mm in Sources */ = {isa = PBXBuildFile; fileRef = B5615DD2228406400032BF41 /* ReadingGamesViewController.mm */; };
		B5615DD62284067F0032BF41 /* LayaBridgeViewController.m in Sources */ = {isa = PBXBuildFile; fileRef = B5615DD52284067F0032BF41 /* LayaBridgeViewController.m */; };
		B5615DDC228406B90032BF41 /* libstdc++.tbd in Frameworks */ = {isa = PBXBuildFile; fileRef = B5615DDA228406B90032BF41 /* libstdc++.tbd */; };
		B5615DDD228406B90032BF41 /* libstdc++.6.0.9.tbd in Frameworks */ = {isa = PBXBuildFile; fileRef = B5615DDB228406B90032BF41 /* libstdc++.6.0.9.tbd */; };
		B5615DDF228406C40032BF41 /* libbz2.1.0.tbd in Frameworks */ = {isa = PBXBuildFile; fileRef = B5615DDE228406C40032BF41 /* libbz2.1.0.tbd */; };
		B5615DE1228406D00032BF41 /* libz.tbd in Frameworks */ = {isa = PBXBuildFile; fileRef = B5615DE0228406D00032BF41 /* libz.tbd */; };
		B5615DE4228406D70032BF41 /* libsqlite3.0.tbd in Frameworks */ = {isa = PBXBuildFile; fileRef = B5615DE2228406D70032BF41 /* libsqlite3.0.tbd */; };
		B5615DE5228406D70032BF41 /* libsqlite3.tbd in Frameworks */ = {isa = PBXBuildFile; fileRef = B5615DE3228406D70032BF41 /* libsqlite3.tbd */; };
		B5615DE7228406E20032BF41 /* libiconv.tbd in Frameworks */ = {isa = PBXBuildFile; fileRef = B5615DE6228406E20032BF41 /* libiconv.tbd */; };
		B5615DE9228406E90032BF41 /* libicucore.tbd in Frameworks */ = {isa = PBXBuildFile; fileRef = B5615DE8228406E90032BF41 /* libicucore.tbd */; };
		B5615DEC228407170032BF41 /* AVFoundation.framework in Frameworks */ = {isa = PBXBuildFile; fileRef = B5615DEA228407170032BF41 /* AVFoundation.framework */; };
		B5615DED228407170032BF41 /* Foundation.framework in Frameworks */ = {isa = PBXBuildFile; fileRef = B5615DEB228407170032BF41 /* Foundation.framework */; };
		B5615DEF228407210032BF41 /* CoreTelephony.framework in Frameworks */ = {isa = PBXBuildFile; fileRef = B5615DEE228407210032BF41 /* CoreTelephony.framework */; };
		B5615DF1228407290032BF41 /* CoreGraphics.framework in Frameworks */ = {isa = PBXBuildFile; fileRef = B5615DF0228407290032BF41 /* CoreGraphics.framework */; };
		B5615DF32284072E0032BF41 /* SystemConfiguration.framework in Frameworks */ = {isa = PBXBuildFile; fileRef = B5615DF22284072E0032BF41 /* SystemConfiguration.framework */; };
		B5615DF5228407350032BF41 /* Security.framework in Frameworks */ = {isa = PBXBuildFile; fileRef = B5615DF4228407350032BF41 /* Security.framework */; };
		B5615DF72284073D0032BF41 /* AdSupport.framework in Frameworks */ = {isa = PBXBuildFile; fileRef = B5615DF62284073D0032BF41 /* AdSupport.framework */; };
		B5615DF9228407450032BF41 /* StoreKit.framework in Frameworks */ = {isa = PBXBuildFile; fileRef = B5615DF8228407450032BF41 /* StoreKit.framework */; };
		B5615DFB2284074A0032BF41 /* AudioToolbox.framework in Frameworks */ = {isa = PBXBuildFile; fileRef = B5615DFA2284074A0032BF41 /* AudioToolbox.framework */; };
		B5615DFD2284074F0032BF41 /* JavaScriptCore.framework in Frameworks */ = {isa = PBXBuildFile; fileRef = B5615DFC2284074F0032BF41 /* JavaScriptCore.framework */; };
		B5615DFF228407750032BF41 /* OpenAL.framework in Frameworks */ = {isa = PBXBuildFile; fileRef = B5615DFE228407750032BF41 /* OpenAL.framework */; };
		B5615E012284077B0032BF41 /* OpenGLES.framework in Frameworks */ = {isa = PBXBuildFile; fileRef = B5615E002284077B0032BF41 /* OpenGLES.framework */; };
		B5615E03228407840032BF41 /* UIKit.framework in Frameworks */ = {isa = PBXBuildFile; fileRef = B5615E02228407840032BF41 /* UIKit.framework */; };
		B5615E05228407890032BF41 /* GLKit.framework in Frameworks */ = {isa = PBXBuildFile; fileRef = B5615E04228407890032BF41 /* GLKit.framework */; };
		B5615E07228407900032BF41 /* CoreMotion.framework in Frameworks */ = {isa = PBXBuildFile; fileRef = B5615E062284078F0032BF41 /* CoreMotion.framework */; };
		B5615F63228408F90032BF41 /* libconchRuntime.bundle in Resources */ = {isa = PBXBuildFile; fileRef = B5615E09228408F80032BF41 /* libconchRuntime.bundle */; };
		B56160A0228408FA0032BF41 /* readme.txt in Resources */ = {isa = PBXBuildFile; fileRef = B5615F48228408F90032BF41 /* readme.txt */; };
		B56160A1228408FA0032BF41 /* app.json in Resources */ = {isa = PBXBuildFile; fileRef = B5615F49228408F90032BF41 /* app.json */; };
		B56160A2228408FA0032BF41 /* cacert.pem in Resources */ = {isa = PBXBuildFile; fileRef = B5615F4B228408F90032BF41 /* cacert.pem */; };
		B56160A3228408FA0032BF41 /* config.ini in Resources */ = {isa = PBXBuildFile; fileRef = B5615F4C228408F90032BF41 /* config.ini */; };
		B56160A4228408FA0032BF41 /* webviewInit.js in Resources */ = {isa = PBXBuildFile; fileRef = B5615F4E228408F90032BF41 /* webviewInit.js */; };
		B56160A5228408FA0032BF41 /* promise.js in Resources */ = {isa = PBXBuildFile; fileRef = B5615F4F228408F90032BF41 /* promise.js */; };
		B56160A6228408FA0032BF41 /* index.js in Resources */ = {isa = PBXBuildFile; fileRef = B5615F50228408F90032BF41 /* index.js */; };
		B56160A7228408FA0032BF41 /* autotest.js in Resources */ = {isa = PBXBuildFile; fileRef = B5615F51228408F90032BF41 /* autotest.js */; };
		B56160A8228408FA0032BF41 /* config.js in Resources */ = {isa = PBXBuildFile; fileRef = B5615F52228408F90032BF41 /* config.js */; };
		B56160A9228408FA0032BF41 /* async.js in Resources */ = {isa = PBXBuildFile; fileRef = B5615F53228408F90032BF41 /* async.js */; };
		B56160AA228408FA0032BF41 /* apploader.js in Resources */ = {isa = PBXBuildFile; fileRef = B5615F54228408F90032BF41 /* apploader.js */; };
		B56160AB228408FA0032BF41 /* runtimeInit.js in Resources */ = {isa = PBXBuildFile; fileRef = B5615F55228408F90032BF41 /* runtimeInit.js */; };
		B56160AC228408FA0032BF41 /* glowImg.glsl in Resources */ = {isa = PBXBuildFile; fileRef = B5615F57228408F90032BF41 /* glowImg.glsl */; };
		B56160AD228408FA0032BF41 /* fillImageMatFilterPS.glsl in Resources */ = {isa = PBXBuildFile; fileRef = B5615F58228408F90032BF41 /* fillImageMatFilterPS.glsl */; };
		B56160AE228408FA0032BF41 /* blurImg.glsl in Resources */ = {isa = PBXBuildFile; fileRef = B5615F59228408F90032BF41 /* blurImg.glsl */; };
		B56160AF228408FA0032BF41 /* drawFilterImagePS.glsl in Resources */ = {isa = PBXBuildFile; fileRef = B5615F5A228408F90032BF41 /* drawFilterImagePS.glsl */; };
		B56160B0228408FA0032BF41 /* fillColorPS.glsl in Resources */ = {isa = PBXBuildFile; fileRef = B5615F5B228408F90032BF41 /* fillColorPS.glsl */; };
		B56160B1228408FA0032BF41 /* fillImagePS.glsl in Resources */ = {isa = PBXBuildFile; fileRef = B5615F5C228408F90032BF41 /* fillImagePS.glsl */; };
		B56160B2228408FA0032BF41 /* drawImagePS_tex2.glsl in Resources */ = {isa = PBXBuildFile; fileRef = B5615F5D228408F90032BF41 /* drawImagePS_tex2.glsl */; };
		B56160B3228408FA0032BF41 /* drawImagePS.glsl in Resources */ = {isa = PBXBuildFile; fileRef = B5615F5E228408F90032BF41 /* drawImagePS.glsl */; };
		B56160B4228408FA0032BF41 /* todevVS.glsl in Resources */ = {isa = PBXBuildFile; fileRef = B5615F5F228408F90032BF41 /* todevVS.glsl */; };
		B56160B5228408FA0032BF41 /* drawMatFilterImagePS.glsl in Resources */ = {isa = PBXBuildFile; fileRef = B5615F60228408F90032BF41 /* drawMatFilterImagePS.glsl */; };
		B56160B6228408FA0032BF41 /* layabox.ttf in Resources */ = {isa = PBXBuildFile; fileRef = B5615F62228408F90032BF41 /* layabox.ttf */; };
		B56160B82284091A0032BF41 /* libconch.a in Frameworks */ = {isa = PBXBuildFile; fileRef = B56160B7228409190032BF41 /* libconch.a */; };
		B5C65A0022854E49002EF3FE /* JSBridge+JS_execute_OC.mm in Sources */ = {isa = PBXBuildFile; fileRef = B5C659FB22854E3E002EF3FE /* JSBridge+JS_execute_OC.mm */; };
		B5C65A0122854E49002EF3FE /* JSBridge+OC_execute_JS.mm in Sources */ = {isa = PBXBuildFile; fileRef = B5C659FD22854E43002EF3FE /* JSBridge+OC_execute_JS.mm */; };
		B5C65A0222854E49002EF3FE /* JSBridge.mm in Sources */ = {isa = PBXBuildFile; fileRef = B5C659FE22854E45002EF3FE /* JSBridge.mm */; };
/* End PBXBuildFile section */

/* Begin PBXContainerItemProxy section */
		B5615DB32284051F0032BF41 /* PBXContainerItemProxy */ = {
			isa = PBXContainerItemProxy;
			containerPortal = B5615D962284051E0032BF41 /* Project object */;
			proxyType = 1;
			remoteGlobalIDString = B5615D9D2284051E0032BF41;
			remoteInfo = SwiftLayaNative;
		};
		B5615DBE2284051F0032BF41 /* PBXContainerItemProxy */ = {
			isa = PBXContainerItemProxy;
			containerPortal = B5615D962284051E0032BF41 /* Project object */;
			proxyType = 1;
			remoteGlobalIDString = B5615D9D2284051E0032BF41;
			remoteInfo = SwiftLayaNative;
		};
/* End PBXContainerItemProxy section */

/* Begin PBXFileReference section */
		B5615D9E2284051E0032BF41 /* SwiftLayaNative.app */ = {isa = PBXFileReference; explicitFileType = wrapper.application; includeInIndex = 0; path = SwiftLayaNative.app; sourceTree = BUILT_PRODUCTS_DIR; };
		B5615DA12284051E0032BF41 /* AppDelegate.swift */ = {isa = PBXFileReference; lastKnownFileType = sourcecode.swift; path = AppDelegate.swift; sourceTree = "<group>"; };
		B5615DA32284051E0032BF41 /* ViewController.swift */ = {isa = PBXFileReference; lastKnownFileType = sourcecode.swift; path = ViewController.swift; sourceTree = "<group>"; };
		B5615DA62284051E0032BF41 /* Base */ = {isa = PBXFileReference; lastKnownFileType = file.storyboard; name = Base; path = Base.lproj/Main.storyboard; sourceTree = "<group>"; };
		B5615DA82284051F0032BF41 /* Assets.xcassets */ = {isa = PBXFileReference; lastKnownFileType = folder.assetcatalog; path = Assets.xcassets; sourceTree = "<group>"; };
		B5615DAB2284051F0032BF41 /* Base */ = {isa = PBXFileReference; lastKnownFileType = file.storyboard; name = Base; path = Base.lproj/LaunchScreen.storyboard; sourceTree = "<group>"; };
		B5615DAD2284051F0032BF41 /* Info.plist */ = {isa = PBXFileReference; lastKnownFileType = text.plist.xml; path = Info.plist; sourceTree = "<group>"; };
		B5615DB22284051F0032BF41 /* SwiftLayaNativeTests.xctest */ = {isa = PBXFileReference; explicitFileType = wrapper.cfbundle; includeInIndex = 0; path = SwiftLayaNativeTests.xctest; sourceTree = BUILT_PRODUCTS_DIR; };
		B5615DB62284051F0032BF41 /* SwiftLayaNativeTests.swift */ = {isa = PBXFileReference; lastKnownFileType = sourcecode.swift; path = SwiftLayaNativeTests.swift; sourceTree = "<group>"; };
		B5615DB82284051F0032BF41 /* Info.plist */ = {isa = PBXFileReference; lastKnownFileType = text.plist.xml; path = Info.plist; sourceTree = "<group>"; };
		B5615DBD2284051F0032BF41 /* SwiftLayaNativeUITests.xctest */ = {isa = PBXFileReference; explicitFileType = wrapper.cfbundle; includeInIndex = 0; path = SwiftLayaNativeUITests.xctest; sourceTree = BUILT_PRODUCTS_DIR; };
		B5615DC12284051F0032BF41 /* SwiftLayaNativeUITests.swift */ = {isa = PBXFileReference; lastKnownFileType = sourcecode.swift; path = SwiftLayaNativeUITests.swift; sourceTree = "<group>"; };
		B5615DC32284051F0032BF41 /* Info.plist */ = {isa = PBXFileReference; lastKnownFileType = text.plist.xml; path = Info.plist; sourceTree = "<group>"; };
		B5615DD0228406400032BF41 /* SwiftLayaNative-Bridging-Header.h */ = {isa = PBXFileReference; lastKnownFileType = sourcecode.c.h; path = "SwiftLayaNative-Bridging-Header.h"; sourceTree = "<group>"; };
		B5615DD1228406400032BF41 /* ReadingGamesViewController.h */ = {isa = PBXFileReference; lastKnownFileType = sourcecode.c.h; path = ReadingGamesViewController.h; sourceTree = "<group>"; };
		B5615DD2228406400032BF41 /* ReadingGamesViewController.mm */ = {isa = PBXFileReference; lastKnownFileType = sourcecode.cpp.objcpp; path = ReadingGamesViewController.mm; sourceTree = "<group>"; };
		B5615DD42284067F0032BF41 /* LayaBridgeViewController.h */ = {isa = PBXFileReference; fileEncoding = 4; lastKnownFileType = sourcecode.c.h; path = LayaBridgeViewController.h; sourceTree = "<group>"; };
		B5615DD52284067F0032BF41 /* LayaBridgeViewController.m */ = {isa = PBXFileReference; fileEncoding = 4; lastKnownFileType = sourcecode.c.objc; path = LayaBridgeViewController.m; sourceTree = "<group>"; };
		B5615DDA228406B90032BF41 /* libstdc++.tbd */ = {isa = PBXFileReference; lastKnownFileType = "sourcecode.text-based-dylib-definition"; name = "libstdc++.tbd"; path = "usr/lib/libstdc++.tbd"; sourceTree = SDKROOT; };
		B5615DDB228406B90032BF41 /* libstdc++.6.0.9.tbd */ = {isa = PBXFileReference; lastKnownFileType = "sourcecode.text-based-dylib-definition"; name = "libstdc++.6.0.9.tbd"; path = "usr/lib/libstdc++.6.0.9.tbd"; sourceTree = SDKROOT; };
		B5615DDE228406C40032BF41 /* libbz2.1.0.tbd */ = {isa = PBXFileReference; lastKnownFileType = "sourcecode.text-based-dylib-definition"; name = libbz2.1.0.tbd; path = usr/lib/libbz2.1.0.tbd; sourceTree = SDKROOT; };
		B5615DE0228406D00032BF41 /* libz.tbd */ = {isa = PBXFileReference; lastKnownFileType = "sourcecode.text-based-dylib-definition"; name = libz.tbd; path = usr/lib/libz.tbd; sourceTree = SDKROOT; };
		B5615DE2228406D70032BF41 /* libsqlite3.0.tbd */ = {isa = PBXFileReference; lastKnownFileType = "sourcecode.text-based-dylib-definition"; name = libsqlite3.0.tbd; path = usr/lib/libsqlite3.0.tbd; sourceTree = SDKROOT; };
		B5615DE3228406D70032BF41 /* libsqlite3.tbd */ = {isa = PBXFileReference; lastKnownFileType = "sourcecode.text-based-dylib-definition"; name = libsqlite3.tbd; path = usr/lib/libsqlite3.tbd; sourceTree = SDKROOT; };
		B5615DE6228406E20032BF41 /* libiconv.tbd */ = {isa = PBXFileReference; lastKnownFileType = "sourcecode.text-based-dylib-definition"; name = libiconv.tbd; path = usr/lib/libiconv.tbd; sourceTree = SDKROOT; };
		B5615DE8228406E90032BF41 /* libicucore.tbd */ = {isa = PBXFileReference; lastKnownFileType = "sourcecode.text-based-dylib-definition"; name = libicucore.tbd; path = usr/lib/libicucore.tbd; sourceTree = SDKROOT; };
		B5615DEA228407170032BF41 /* AVFoundation.framework */ = {isa = PBXFileReference; lastKnownFileType = wrapper.framework; name = AVFoundation.framework; path = System/Library/Frameworks/AVFoundation.framework; sourceTree = SDKROOT; };
		B5615DEB228407170032BF41 /* Foundation.framework */ = {isa = PBXFileReference; lastKnownFileType = wrapper.framework; name = Foundation.framework; path = System/Library/Frameworks/Foundation.framework; sourceTree = SDKROOT; };
		B5615DEE228407210032BF41 /* CoreTelephony.framework */ = {isa = PBXFileReference; lastKnownFileType = wrapper.framework; name = CoreTelephony.framework; path = System/Library/Frameworks/CoreTelephony.framework; sourceTree = SDKROOT; };
		B5615DF0228407290032BF41 /* CoreGraphics.framework */ = {isa = PBXFileReference; lastKnownFileType = wrapper.framework; name = CoreGraphics.framework; path = System/Library/Frameworks/CoreGraphics.framework; sourceTree = SDKROOT; };
		B5615DF22284072E0032BF41 /* SystemConfiguration.framework */ = {isa = PBXFileReference; lastKnownFileType = wrapper.framework; name = SystemConfiguration.framework; path = System/Library/Frameworks/SystemConfiguration.framework; sourceTree = SDKROOT; };
		B5615DF4228407350032BF41 /* Security.framework */ = {isa = PBXFileReference; lastKnownFileType = wrapper.framework; name = Security.framework; path = System/Library/Frameworks/Security.framework; sourceTree = SDKROOT; };
		B5615DF62284073D0032BF41 /* AdSupport.framework */ = {isa = PBXFileReference; lastKnownFileType = wrapper.framework; name = AdSupport.framework; path = System/Library/Frameworks/AdSupport.framework; sourceTree = SDKROOT; };
		B5615DF8228407450032BF41 /* StoreKit.framework */ = {isa = PBXFileReference; lastKnownFileType = wrapper.framework; name = StoreKit.framework; path = System/Library/Frameworks/StoreKit.framework; sourceTree = SDKROOT; };
		B5615DFA2284074A0032BF41 /* AudioToolbox.framework */ = {isa = PBXFileReference; lastKnownFileType = wrapper.framework; name = AudioToolbox.framework; path = System/Library/Frameworks/AudioToolbox.framework; sourceTree = SDKROOT; };
		B5615DFC2284074F0032BF41 /* JavaScriptCore.framework */ = {isa = PBXFileReference; lastKnownFileType = wrapper.framework; name = JavaScriptCore.framework; path = System/Library/Frameworks/JavaScriptCore.framework; sourceTree = SDKROOT; };
		B5615DFE228407750032BF41 /* OpenAL.framework */ = {isa = PBXFileReference; lastKnownFileType = wrapper.framework; name = OpenAL.framework; path = System/Library/Frameworks/OpenAL.framework; sourceTree = SDKROOT; };
		B5615E002284077B0032BF41 /* OpenGLES.framework */ = {isa = PBXFileReference; lastKnownFileType = wrapper.framework; name = OpenGLES.framework; path = System/Library/Frameworks/OpenGLES.framework; sourceTree = SDKROOT; };
		B5615E02228407840032BF41 /* UIKit.framework */ = {isa = PBXFileReference; lastKnownFileType = wrapper.framework; name = UIKit.framework; path = System/Library/Frameworks/UIKit.framework; sourceTree = SDKROOT; };
		B5615E04228407890032BF41 /* GLKit.framework */ = {isa = PBXFileReference; lastKnownFileType = wrapper.framework; name = GLKit.framework; path = System/Library/Frameworks/GLKit.framework; sourceTree = SDKROOT; };
		B5615E062284078F0032BF41 /* CoreMotion.framework */ = {isa = PBXFileReference; lastKnownFileType = wrapper.framework; name = CoreMotion.framework; path = System/Library/Frameworks/CoreMotion.framework; sourceTree = SDKROOT; };
		B5615E09228408F80032BF41 /* libconchRuntime.bundle */ = {isa = PBXFileReference; lastKnownFileType = "wrapper.plug-in"; path = libconchRuntime.bundle; sourceTree = "<group>"; };
		B5615F48228408F90032BF41 /* readme.txt */ = {isa = PBXFileReference; fileEncoding = 4; lastKnownFileType = text; path = readme.txt; sourceTree = "<group>"; };
		B5615F49228408F90032BF41 /* app.json */ = {isa = PBXFileReference; fileEncoding = 4; lastKnownFileType = text.json; path = app.json; sourceTree = "<group>"; };
		B5615F4B228408F90032BF41 /* cacert.pem */ = {isa = PBXFileReference; fileEncoding = 4; lastKnownFileType = text; path = cacert.pem; sourceTree = "<group>"; };
		B5615F4C228408F90032BF41 /* config.ini */ = {isa = PBXFileReference; fileEncoding = 4; lastKnownFileType = text; path = config.ini; sourceTree = "<group>"; };
		B5615F4E228408F90032BF41 /* webviewInit.js */ = {isa = PBXFileReference; fileEncoding = 4; lastKnownFileType = sourcecode.javascript; path = webviewInit.js; sourceTree = "<group>"; };
		B5615F4F228408F90032BF41 /* promise.js */ = {isa = PBXFileReference; fileEncoding = 4; lastKnownFileType = sourcecode.javascript; path = promise.js; sourceTree = "<group>"; };
		B5615F50228408F90032BF41 /* index.js */ = {isa = PBXFileReference; fileEncoding = 4; lastKnownFileType = sourcecode.javascript; path = index.js; sourceTree = "<group>"; };
		B5615F51228408F90032BF41 /* autotest.js */ = {isa = PBXFileReference; fileEncoding = 4; lastKnownFileType = sourcecode.javascript; path = autotest.js; sourceTree = "<group>"; };
		B5615F52228408F90032BF41 /* config.js */ = {isa = PBXFileReference; fileEncoding = 4; lastKnownFileType = sourcecode.javascript; path = config.js; sourceTree = "<group>"; };
		B5615F53228408F90032BF41 /* async.js */ = {isa = PBXFileReference; fileEncoding = 4; lastKnownFileType = sourcecode.javascript; path = async.js; sourceTree = "<group>"; };
		B5615F54228408F90032BF41 /* apploader.js */ = {isa = PBXFileReference; fileEncoding = 4; lastKnownFileType = sourcecode.javascript; path = apploader.js; sourceTree = "<group>"; };
		B5615F55228408F90032BF41 /* runtimeInit.js */ = {isa = PBXFileReference; fileEncoding = 4; lastKnownFileType = sourcecode.javascript; path = runtimeInit.js; sourceTree = "<group>"; };
		B5615F57228408F90032BF41 /* glowImg.glsl */ = {isa = PBXFileReference; fileEncoding = 4; lastKnownFileType = text; path = glowImg.glsl; sourceTree = "<group>"; };
		B5615F58228408F90032BF41 /* fillImageMatFilterPS.glsl */ = {isa = PBXFileReference; fileEncoding = 4; lastKnownFileType = text; path = fillImageMatFilterPS.glsl; sourceTree = "<group>"; };
		B5615F59228408F90032BF41 /* blurImg.glsl */ = {isa = PBXFileReference; fileEncoding = 4; lastKnownFileType = text; path = blurImg.glsl; sourceTree = "<group>"; };
		B5615F5A228408F90032BF41 /* drawFilterImagePS.glsl */ = {isa = PBXFileReference; fileEncoding = 4; lastKnownFileType = text; path = drawFilterImagePS.glsl; sourceTree = "<group>"; };
		B5615F5B228408F90032BF41 /* fillColorPS.glsl */ = {isa = PBXFileReference; fileEncoding = 4; lastKnownFileType = text; path = fillColorPS.glsl; sourceTree = "<group>"; };
		B5615F5C228408F90032BF41 /* fillImagePS.glsl */ = {isa = PBXFileReference; fileEncoding = 4; lastKnownFileType = text; path = fillImagePS.glsl; sourceTree = "<group>"; };
		B5615F5D228408F90032BF41 /* drawImagePS_tex2.glsl */ = {isa = PBXFileReference; fileEncoding = 4; lastKnownFileType = text; path = drawImagePS_tex2.glsl; sourceTree = "<group>"; };
		B5615F5E228408F90032BF41 /* drawImagePS.glsl */ = {isa = PBXFileReference; fileEncoding = 4; lastKnownFileType = text; path = drawImagePS.glsl; sourceTree = "<group>"; };
		B5615F5F228408F90032BF41 /* todevVS.glsl */ = {isa = PBXFileReference; fileEncoding = 4; lastKnownFileType = text; path = todevVS.glsl; sourceTree = "<group>"; };
		B5615F60228408F90032BF41 /* drawMatFilterImagePS.glsl */ = {isa = PBXFileReference; fileEncoding = 4; lastKnownFileType = text; path = drawMatFilterImagePS.glsl; sourceTree = "<group>"; };
		B5615F62228408F90032BF41 /* layabox.ttf */ = {isa = PBXFileReference; lastKnownFileType = file; path = layabox.ttf; sourceTree = "<group>"; };
		B56160B7228409190032BF41 /* libconch.a */ = {isa = PBXFileReference; lastKnownFileType = archive.ar; name = libconch.a; path = "LayaRuntime-iOS/libs/libconch.a"; sourceTree = "<group>"; };
		B5C659FA22854E3D002EF3FE /* JSBridge+OC_execute_JS.h */ = {isa = PBXFileReference; fileEncoding = 4; lastKnownFileType = sourcecode.c.h; path = "JSBridge+OC_execute_JS.h"; sourceTree = "<group>"; };
		B5C659FB22854E3E002EF3FE /* JSBridge+JS_execute_OC.mm */ = {isa = PBXFileReference; fileEncoding = 4; lastKnownFileType = sourcecode.cpp.objcpp; path = "JSBridge+JS_execute_OC.mm"; sourceTree = "<group>"; };
		B5C659FC22854E40002EF3FE /* JSBridge+JS_execute_OC.h */ = {isa = PBXFileReference; fileEncoding = 4; lastKnownFileType = sourcecode.c.h; path = "JSBridge+JS_execute_OC.h"; sourceTree = "<group>"; };
		B5C659FD22854E43002EF3FE /* JSBridge+OC_execute_JS.mm */ = {isa = PBXFileReference; fileEncoding = 4; lastKnownFileType = sourcecode.cpp.objcpp; path = "JSBridge+OC_execute_JS.mm"; sourceTree = "<group>"; };
		B5C659FE22854E45002EF3FE /* JSBridge.mm */ = {isa = PBXFileReference; fileEncoding = 4; lastKnownFileType = sourcecode.cpp.objcpp; path = JSBridge.mm; sourceTree = "<group>"; };
		B5C659FF22854E47002EF3FE /* JSBridge.h */ = {isa = PBXFileReference; fileEncoding = 4; lastKnownFileType = sourcecode.c.h; path = JSBridge.h; sourceTree = "<group>"; };
/* End PBXFileReference section */

/* Begin PBXFrameworksBuildPhase section */
		B5615D9B2284051E0032BF41 /* Frameworks */ = {
			isa = PBXFrameworksBuildPhase;
			buildActionMask = 2147483647;
			files = (
				B5615E07228407900032BF41 /* CoreMotion.framework in Frameworks */,
				B5615E05228407890032BF41 /* GLKit.framework in Frameworks */,
				B5615E03228407840032BF41 /* UIKit.framework in Frameworks */,
				B5615E012284077B0032BF41 /* OpenGLES.framework in Frameworks */,
				B5615DFF228407750032BF41 /* OpenAL.framework in Frameworks */,
				B5615DFD2284074F0032BF41 /* JavaScriptCore.framework in Frameworks */,
				B5615DFB2284074A0032BF41 /* AudioToolbox.framework in Frameworks */,
				B5615DF9228407450032BF41 /* StoreKit.framework in Frameworks */,
				B5615DF72284073D0032BF41 /* AdSupport.framework in Frameworks */,
				B5615DF5228407350032BF41 /* Security.framework in Frameworks */,
				B5615DF32284072E0032BF41 /* SystemConfiguration.framework in Frameworks */,
				B56160B82284091A0032BF41 /* libconch.a in Frameworks */,
				B5615DF1228407290032BF41 /* CoreGraphics.framework in Frameworks */,
				B5615DEF228407210032BF41 /* CoreTelephony.framework in Frameworks */,
				B5615DEC228407170032BF41 /* AVFoundation.framework in Frameworks */,
				B5615DED228407170032BF41 /* Foundation.framework in Frameworks */,
				B5615DE9228406E90032BF41 /* libicucore.tbd in Frameworks */,
				B5615DE7228406E20032BF41 /* libiconv.tbd in Frameworks */,
				B5615DE4228406D70032BF41 /* libsqlite3.0.tbd in Frameworks */,
				B5615DE5228406D70032BF41 /* libsqlite3.tbd in Frameworks */,
				B5615DE1228406D00032BF41 /* libz.tbd in Frameworks */,
				B5615DDF228406C40032BF41 /* libbz2.1.0.tbd in Frameworks */,
				B5615DDC228406B90032BF41 /* libstdc++.tbd in Frameworks */,
				B5615DDD228406B90032BF41 /* libstdc++.6.0.9.tbd in Frameworks */,
			);
			runOnlyForDeploymentPostprocessing = 0;
		};
		B5615DAF2284051F0032BF41 /* Frameworks */ = {
			isa = PBXFrameworksBuildPhase;
			buildActionMask = 2147483647;
			files = (
			);
			runOnlyForDeploymentPostprocessing = 0;
		};
		B5615DBA2284051F0032BF41 /* Frameworks */ = {
			isa = PBXFrameworksBuildPhase;
			buildActionMask = 2147483647;
			files = (
			);
			runOnlyForDeploymentPostprocessing = 0;
		};
/* End PBXFrameworksBuildPhase section */

/* Begin PBXGroup section */
		B5615D952284051E0032BF41 = {
			isa = PBXGroup;
			children = (
				B5615DA02284051E0032BF41 /* SwiftLayaNative */,
				B5615DB52284051F0032BF41 /* SwiftLayaNativeTests */,
				B5615DC02284051F0032BF41 /* SwiftLayaNativeUITests */,
				B5615D9F2284051E0032BF41 /* Products */,
				B5615DD9228406B90032BF41 /* Frameworks */,
			);
			sourceTree = "<group>";
		};
		B5615D9F2284051E0032BF41 /* Products */ = {
			isa = PBXGroup;
			children = (
				B5615D9E2284051E0032BF41 /* SwiftLayaNative.app */,
				B5615DB22284051F0032BF41 /* SwiftLayaNativeTests.xctest */,
				B5615DBD2284051F0032BF41 /* SwiftLayaNativeUITests.xctest */,
			);
			name = Products;
			sourceTree = "<group>";
		};
		B5615DA02284051E0032BF41 /* SwiftLayaNative */ = {
			isa = PBXGroup;
			children = (
				B5615DA12284051E0032BF41 /* AppDelegate.swift */,
				B5615DA32284051E0032BF41 /* ViewController.swift */,
				B5615DA52284051E0032BF41 /* Main.storyboard */,
				B5615DA82284051F0032BF41 /* Assets.xcassets */,
				B5615DAA2284051F0032BF41 /* LaunchScreen.storyboard */,
				B5615DAD2284051F0032BF41 /* Info.plist */,
				B5615DD1228406400032BF41 /* ReadingGamesViewController.h */,
				B5615DD2228406400032BF41 /* ReadingGamesViewController.mm */,
				B5615DD42284067F0032BF41 /* LayaBridgeViewController.h */,
				B5615DD52284067F0032BF41 /* LayaBridgeViewController.m */,
				B5615DD0228406400032BF41 /* SwiftLayaNative-Bridging-Header.h */,
				B5C659FF22854E47002EF3FE /* JSBridge.h */,
				B5C659FE22854E45002EF3FE /* JSBridge.mm */,
				B5C659FC22854E40002EF3FE /* JSBridge+JS_execute_OC.h */,
				B5C659FB22854E3E002EF3FE /* JSBridge+JS_execute_OC.mm */,
				B5C659FA22854E3D002EF3FE /* JSBridge+OC_execute_JS.h */,
				B5C659FD22854E43002EF3FE /* JSBridge+OC_execute_JS.mm */,
				B5615E08228408F80032BF41 /* resource */,
			);
			path = SwiftLayaNative;
			sourceTree = "<group>";
		};
		B5615DB52284051F0032BF41 /* SwiftLayaNativeTests */ = {
			isa = PBXGroup;
			children = (
				B5615DB62284051F0032BF41 /* SwiftLayaNativeTests.swift */,
				B5615DB82284051F0032BF41 /* Info.plist */,
			);
			path = SwiftLayaNativeTests;
			sourceTree = "<group>";
		};
		B5615DC02284051F0032BF41 /* SwiftLayaNativeUITests */ = {
			isa = PBXGroup;
			children = (
				B5615DC12284051F0032BF41 /* SwiftLayaNativeUITests.swift */,
				B5615DC32284051F0032BF41 /* Info.plist */,
			);
			path = SwiftLayaNativeUITests;
			sourceTree = "<group>";
		};
		B5615DD9228406B90032BF41 /* Frameworks */ = {
			isa = PBXGroup;
			children = (
				B56160B7228409190032BF41 /* libconch.a */,
				B5615E062284078F0032BF41 /* CoreMotion.framework */,
				B5615E04228407890032BF41 /* GLKit.framework */,
				B5615E02228407840032BF41 /* UIKit.framework */,
				B5615E002284077B0032BF41 /* OpenGLES.framework */,
				B5615DFE228407750032BF41 /* OpenAL.framework */,
				B5615DFC2284074F0032BF41 /* JavaScriptCore.framework */,
				B5615DFA2284074A0032BF41 /* AudioToolbox.framework */,
				B5615DF8228407450032BF41 /* StoreKit.framework */,
				B5615DF62284073D0032BF41 /* AdSupport.framework */,
				B5615DF4228407350032BF41 /* Security.framework */,
				B5615DF22284072E0032BF41 /* SystemConfiguration.framework */,
				B5615DF0228407290032BF41 /* CoreGraphics.framework */,
				B5615DEE228407210032BF41 /* CoreTelephony.framework */,
				B5615DEA228407170032BF41 /* AVFoundation.framework */,
				B5615DEB228407170032BF41 /* Foundation.framework */,
				B5615DE8228406E90032BF41 /* libicucore.tbd */,
				B5615DE6228406E20032BF41 /* libiconv.tbd */,
				B5615DE2228406D70032BF41 /* libsqlite3.0.tbd */,
				B5615DE3228406D70032BF41 /* libsqlite3.tbd */,
				B5615DE0228406D00032BF41 /* libz.tbd */,
				B5615DDE228406C40032BF41 /* libbz2.1.0.tbd */,
				B5615DDB228406B90032BF41 /* libstdc++.6.0.9.tbd */,
				B5615DDA228406B90032BF41 /* libstdc++.tbd */,
			);
			name = Frameworks;
			sourceTree = "<group>";
		};
		B5615E08228408F80032BF41 /* resource */ = {
			isa = PBXGroup;
			children = (
				B5615E09228408F80032BF41 /* libconchRuntime.bundle */,
				B5615E0A228408F80032BF41 /* cache */,
				B5615F49228408F90032BF41 /* app.json */,
				B5615F4A228408F90032BF41 /* ca */,
				B5615F4C228408F90032BF41 /* config.ini */,
				B5615F4D228408F90032BF41 /* scripts */,
				B5615F56228408F90032BF41 /* shaders */,
				B5615F61228408F90032BF41 /* font */,
			);
			path = resource;
			sourceTree = "<group>";
		};
		B5615E0A228408F80032BF41 /* cache */ = {
			isa = PBXGroup;
			children = (
				B5615F48228408F90032BF41 /* readme.txt */,
			);
			path = cache;
			sourceTree = "<group>";
		};
		B5615F4A228408F90032BF41 /* ca */ = {
			isa = PBXGroup;
			children = (
				B5615F4B228408F90032BF41 /* cacert.pem */,
			);
			path = ca;
			sourceTree = "<group>";
		};
		B5615F4D228408F90032BF41 /* scripts */ = {
			isa = PBXGroup;
			children = (
				B5615F4E228408F90032BF41 /* webviewInit.js */,
				B5615F4F228408F90032BF41 /* promise.js */,
				B5615F50228408F90032BF41 /* index.js */,
				B5615F51228408F90032BF41 /* autotest.js */,
				B5615F52228408F90032BF41 /* config.js */,
				B5615F53228408F90032BF41 /* async.js */,
				B5615F54228408F90032BF41 /* apploader.js */,
				B5615F55228408F90032BF41 /* runtimeInit.js */,
			);
			path = scripts;
			sourceTree = "<group>";
		};
		B5615F56228408F90032BF41 /* shaders */ = {
			isa = PBXGroup;
			children = (
				B5615F57228408F90032BF41 /* glowImg.glsl */,
				B5615F58228408F90032BF41 /* fillImageMatFilterPS.glsl */,
				B5615F59228408F90032BF41 /* blurImg.glsl */,
				B5615F5A228408F90032BF41 /* drawFilterImagePS.glsl */,
				B5615F5B228408F90032BF41 /* fillColorPS.glsl */,
				B5615F5C228408F90032BF41 /* fillImagePS.glsl */,
				B5615F5D228408F90032BF41 /* drawImagePS_tex2.glsl */,
				B5615F5E228408F90032BF41 /* drawImagePS.glsl */,
				B5615F5F228408F90032BF41 /* todevVS.glsl */,
				B5615F60228408F90032BF41 /* drawMatFilterImagePS.glsl */,
			);
			path = shaders;
			sourceTree = "<group>";
		};
		B5615F61228408F90032BF41 /* font */ = {
			isa = PBXGroup;
			children = (
				B5615F62228408F90032BF41 /* layabox.ttf */,
			);
			path = font;
			sourceTree = "<group>";
		};
/* End PBXGroup section */

/* Begin PBXNativeTarget section */
		B5615D9D2284051E0032BF41 /* SwiftLayaNative */ = {
			isa = PBXNativeTarget;
			buildConfigurationList = B5615DC62284051F0032BF41 /* Build configuration list for PBXNativeTarget "SwiftLayaNative" */;
			buildPhases = (
				B5615D9A2284051E0032BF41 /* Sources */,
				B5615D9B2284051E0032BF41 /* Frameworks */,
				B5615D9C2284051E0032BF41 /* Resources */,
			);
			buildRules = (
			);
			dependencies = (
			);
			name = SwiftLayaNative;
			productName = SwiftLayaNative;
			productReference = B5615D9E2284051E0032BF41 /* SwiftLayaNative.app */;
			productType = "com.apple.product-type.application";
		};
		B5615DB12284051F0032BF41 /* SwiftLayaNativeTests */ = {
			isa = PBXNativeTarget;
			buildConfigurationList = B5615DC92284051F0032BF41 /* Build configuration list for PBXNativeTarget "SwiftLayaNativeTests" */;
			buildPhases = (
				B5615DAE2284051F0032BF41 /* Sources */,
				B5615DAF2284051F0032BF41 /* Frameworks */,
				B5615DB02284051F0032BF41 /* Resources */,
			);
			buildRules = (
			);
			dependencies = (
				B5615DB42284051F0032BF41 /* PBXTargetDependency */,
			);
			name = SwiftLayaNativeTests;
			productName = SwiftLayaNativeTests;
			productReference = B5615DB22284051F0032BF41 /* SwiftLayaNativeTests.xctest */;
			productType = "com.apple.product-type.bundle.unit-test";
		};
		B5615DBC2284051F0032BF41 /* SwiftLayaNativeUITests */ = {
			isa = PBXNativeTarget;
			buildConfigurationList = B5615DCC2284051F0032BF41 /* Build configuration list for PBXNativeTarget "SwiftLayaNativeUITests" */;
			buildPhases = (
				B5615DB92284051F0032BF41 /* Sources */,
				B5615DBA2284051F0032BF41 /* Frameworks */,
				B5615DBB2284051F0032BF41 /* Resources */,
			);
			buildRules = (
			);
			dependencies = (
				B5615DBF2284051F0032BF41 /* PBXTargetDependency */,
			);
			name = SwiftLayaNativeUITests;
			productName = SwiftLayaNativeUITests;
			productReference = B5615DBD2284051F0032BF41 /* SwiftLayaNativeUITests.xctest */;
			productType = "com.apple.product-type.bundle.ui-testing";
		};
/* End PBXNativeTarget section */

/* Begin PBXProject section */
		B5615D962284051E0032BF41 /* Project object */ = {
			isa = PBXProject;
			attributes = {
				LastSwiftUpdateCheck = 1010;
				LastUpgradeCheck = 1010;
				ORGANIZATIONNAME = com.fiction.jmt;
				TargetAttributes = {
					B5615D9D2284051E0032BF41 = {
						CreatedOnToolsVersion = 10.1;
						LastSwiftMigration = 1010;
					};
					B5615DB12284051F0032BF41 = {
						CreatedOnToolsVersion = 10.1;
						TestTargetID = B5615D9D2284051E0032BF41;
					};
					B5615DBC2284051F0032BF41 = {
						CreatedOnToolsVersion = 10.1;
						TestTargetID = B5615D9D2284051E0032BF41;
					};
				};
			};
			buildConfigurationList = B5615D992284051E0032BF41 /* Build configuration list for PBXProject "SwiftLayaNative" */;
			compatibilityVersion = "Xcode 9.3";
			developmentRegion = en;
			hasScannedForEncodings = 0;
			knownRegions = (
				en,
				Base,
			);
			mainGroup = B5615D952284051E0032BF41;
			productRefGroup = B5615D9F2284051E0032BF41 /* Products */;
			projectDirPath = "";
			projectRoot = "";
			targets = (
				B5615D9D2284051E0032BF41 /* SwiftLayaNative */,
				B5615DB12284051F0032BF41 /* SwiftLayaNativeTests */,
				B5615DBC2284051F0032BF41 /* SwiftLayaNativeUITests */,
			);
		};
/* End PBXProject section */

/* Begin PBXResourcesBuildPhase section */
		B5615D9C2284051E0032BF41 /* Resources */ = {
			isa = PBXResourcesBuildPhase;
			buildActionMask = 2147483647;
			files = (
				B56160AF228408FA0032BF41 /* drawFilterImagePS.glsl in Resources */,
				B56160AE228408FA0032BF41 /* blurImg.glsl in Resources */,
				B56160A3228408FA0032BF41 /* config.ini in Resources */,
				B56160A0228408FA0032BF41 /* readme.txt in Resources */,
				B56160A8228408FA0032BF41 /* config.js in Resources */,
				B56160A4228408FA0032BF41 /* webviewInit.js in Resources */,
				B56160AD228408FA0032BF41 /* fillImageMatFilterPS.glsl in Resources */,
				B56160AA228408FA0032BF41 /* apploader.js in Resources */,
				B56160B1228408FA0032BF41 /* fillImagePS.glsl in Resources */,
				B56160A2228408FA0032BF41 /* cacert.pem in Resources */,
				B5615F63228408F90032BF41 /* libconchRuntime.bundle in Resources */,
				B56160B3228408FA0032BF41 /* drawImagePS.glsl in Resources */,
				B56160AC228408FA0032BF41 /* glowImg.glsl in Resources */,
				B56160A1228408FA0032BF41 /* app.json in Resources */,
				B56160B6228408FA0032BF41 /* layabox.ttf in Resources */,
				B56160A5228408FA0032BF41 /* promise.js in Resources */,
				B5615DAC2284051F0032BF41 /* LaunchScreen.storyboard in Resources */,
				B56160B0228408FA0032BF41 /* fillColorPS.glsl in Resources */,
				B56160A6228408FA0032BF41 /* index.js in Resources */,
				B5615DA92284051F0032BF41 /* Assets.xcassets in Resources */,
				B56160B5228408FA0032BF41 /* drawMatFilterImagePS.glsl in Resources */,
				B56160B2228408FA0032BF41 /* drawImagePS_tex2.glsl in Resources */,
				B56160AB228408FA0032BF41 /* runtimeInit.js in Resources */,
				B5615DA72284051E0032BF41 /* Main.storyboard in Resources */,
				B56160B4228408FA0032BF41 /* todevVS.glsl in Resources */,
				B56160A9228408FA0032BF41 /* async.js in Resources */,
				B56160A7228408FA0032BF41 /* autotest.js in Resources */,
			);
			runOnlyForDeploymentPostprocessing = 0;
		};
		B5615DB02284051F0032BF41 /* Resources */ = {
			isa = PBXResourcesBuildPhase;
			buildActionMask = 2147483647;
			files = (
			);
			runOnlyForDeploymentPostprocessing = 0;
		};
		B5615DBB2284051F0032BF41 /* Resources */ = {
			isa = PBXResourcesBuildPhase;
			buildActionMask = 2147483647;
			files = (
			);
			runOnlyForDeploymentPostprocessing = 0;
		};
/* End PBXResourcesBuildPhase section */

/* Begin PBXSourcesBuildPhase section */
		B5615D9A2284051E0032BF41 /* Sources */ = {
			isa = PBXSourcesBuildPhase;
			buildActionMask = 2147483647;
			files = (
				B5615DD62284067F0032BF41 /* LayaBridgeViewController.m in Sources */,
				B5C65A0222854E49002EF3FE /* JSBridge.mm in Sources */,
				B5615DA42284051E0032BF41 /* ViewController.swift in Sources */,
				B5615DA22284051E0032BF41 /* AppDelegate.swift in Sources */,
				B5615DD3228406400032BF41 /* ReadingGamesViewController.mm in Sources */,
				B5C65A0122854E49002EF3FE /* JSBridge+OC_execute_JS.mm in Sources */,
				B5C65A0022854E49002EF3FE /* JSBridge+JS_execute_OC.mm in Sources */,
			);
			runOnlyForDeploymentPostprocessing = 0;
		};
		B5615DAE2284051F0032BF41 /* Sources */ = {
			isa = PBXSourcesBuildPhase;
			buildActionMask = 2147483647;
			files = (
				B5615DB72284051F0032BF41 /* SwiftLayaNativeTests.swift in Sources */,
			);
			runOnlyForDeploymentPostprocessing = 0;
		};
		B5615DB92284051F0032BF41 /* Sources */ = {
			isa = PBXSourcesBuildPhase;
			buildActionMask = 2147483647;
			files = (
				B5615DC22284051F0032BF41 /* SwiftLayaNativeUITests.swift in Sources */,
			);
			runOnlyForDeploymentPostprocessing = 0;
		};
/* End PBXSourcesBuildPhase section */

/* Begin PBXTargetDependency section */
		B5615DB42284051F0032BF41 /* PBXTargetDependency */ = {
			isa = PBXTargetDependency;
			target = B5615D9D2284051E0032BF41 /* SwiftLayaNative */;
			targetProxy = B5615DB32284051F0032BF41 /* PBXContainerItemProxy */;
		};
		B5615DBF2284051F0032BF41 /* PBXTargetDependency */ = {
			isa = PBXTargetDependency;
			target = B5615D9D2284051E0032BF41 /* SwiftLayaNative */;
			targetProxy = B5615DBE2284051F0032BF41 /* PBXContainerItemProxy */;
		};
/* End PBXTargetDependency section */

/* Begin PBXVariantGroup section */
		B5615DA52284051E0032BF41 /* Main.storyboard */ = {
			isa = PBXVariantGroup;
			children = (
				B5615DA62284051E0032BF41 /* Base */,
			);
			name = Main.storyboard;
			sourceTree = "<group>";
		};
		B5615DAA2284051F0032BF41 /* LaunchScreen.storyboard */ = {
			isa = PBXVariantGroup;
			children = (
				B5615DAB2284051F0032BF41 /* Base */,
			);
			name = LaunchScreen.storyboard;
			sourceTree = "<group>";
		};
/* End PBXVariantGroup section */

/* Begin XCBuildConfiguration section */
		B5615DC42284051F0032BF41 /* Debug */ = {
			isa = XCBuildConfiguration;
			buildSettings = {
				ALWAYS_SEARCH_USER_PATHS = NO;
				CLANG_ANALYZER_NONNULL = YES;
				CLANG_ANALYZER_NUMBER_OBJECT_CONVERSION = YES_AGGRESSIVE;
				CLANG_CXX_LANGUAGE_STANDARD = "gnu++14";
				CLANG_CXX_LIBRARY = "libc++";
				CLANG_ENABLE_MODULES = YES;
				CLANG_ENABLE_OBJC_ARC = YES;
				CLANG_ENABLE_OBJC_WEAK = YES;
				CLANG_WARN_BLOCK_CAPTURE_AUTORELEASING = YES;
				CLANG_WARN_BOOL_CONVERSION = YES;
				CLANG_WARN_COMMA = YES;
				CLANG_WARN_CONSTANT_CONVERSION = YES;
				CLANG_WARN_DEPRECATED_OBJC_IMPLEMENTATIONS = YES;
				CLANG_WARN_DIRECT_OBJC_ISA_USAGE = YES_ERROR;
				CLANG_WARN_DOCUMENTATION_COMMENTS = YES;
				CLANG_WARN_EMPTY_BODY = YES;
				CLANG_WARN_ENUM_CONVERSION = YES;
				CLANG_WARN_INFINITE_RECURSION = YES;
				CLANG_WARN_INT_CONVERSION = YES;
				CLANG_WARN_NON_LITERAL_NULL_CONVERSION = YES;
				CLANG_WARN_OBJC_IMPLICIT_RETAIN_SELF = YES;
				CLANG_WARN_OBJC_LITERAL_CONVERSION = YES;
				CLANG_WARN_OBJC_ROOT_CLASS = YES_ERROR;
				CLANG_WARN_RANGE_LOOP_ANALYSIS = YES;
				CLANG_WARN_STRICT_PROTOTYPES = YES;
				CLANG_WARN_SUSPICIOUS_MOVE = YES;
				CLANG_WARN_UNGUARDED_AVAILABILITY = YES_AGGRESSIVE;
				CLANG_WARN_UNREACHABLE_CODE = YES;
				CLANG_WARN__DUPLICATE_METHOD_MATCH = YES;
				CODE_SIGN_IDENTITY = "iPhone Developer";
				COPY_PHASE_STRIP = NO;
				DEBUG_INFORMATION_FORMAT = dwarf;
				ENABLE_STRICT_OBJC_MSGSEND = YES;
				ENABLE_TESTABILITY = YES;
				GCC_C_LANGUAGE_STANDARD = gnu11;
				GCC_DYNAMIC_NO_PIC = NO;
				GCC_NO_COMMON_BLOCKS = YES;
				GCC_OPTIMIZATION_LEVEL = 0;
				GCC_PREPROCESSOR_DEFINITIONS = (
					"DEBUG=1",
					"$(inherited)",
				);
				GCC_WARN_64_TO_32_BIT_CONVERSION = YES;
				GCC_WARN_ABOUT_RETURN_TYPE = YES_ERROR;
				GCC_WARN_UNDECLARED_SELECTOR = YES;
				GCC_WARN_UNINITIALIZED_AUTOS = YES_AGGRESSIVE;
				GCC_WARN_UNUSED_FUNCTION = YES;
				GCC_WARN_UNUSED_VARIABLE = YES;
				IPHONEOS_DEPLOYMENT_TARGET = 12.1;
				MTL_ENABLE_DEBUG_INFO = INCLUDE_SOURCE;
				MTL_FAST_MATH = YES;
				ONLY_ACTIVE_ARCH = YES;
				SDKROOT = iphoneos;
				SWIFT_ACTIVE_COMPILATION_CONDITIONS = DEBUG;
				SWIFT_OPTIMIZATION_LEVEL = "-Onone";
			};
			name = Debug;
		};
		B5615DC52284051F0032BF41 /* Release */ = {
			isa = XCBuildConfiguration;
			buildSettings = {
				ALWAYS_SEARCH_USER_PATHS = NO;
				CLANG_ANALYZER_NONNULL = YES;
				CLANG_ANALYZER_NUMBER_OBJECT_CONVERSION = YES_AGGRESSIVE;
				CLANG_CXX_LANGUAGE_STANDARD = "gnu++14";
				CLANG_CXX_LIBRARY = "libc++";
				CLANG_ENABLE_MODULES = YES;
				CLANG_ENABLE_OBJC_ARC = YES;
				CLANG_ENABLE_OBJC_WEAK = YES;
				CLANG_WARN_BLOCK_CAPTURE_AUTORELEASING = YES;
				CLANG_WARN_BOOL_CONVERSION = YES;
				CLANG_WARN_COMMA = YES;
				CLANG_WARN_CONSTANT_CONVERSION = YES;
				CLANG_WARN_DEPRECATED_OBJC_IMPLEMENTATIONS = YES;
				CLANG_WARN_DIRECT_OBJC_ISA_USAGE = YES_ERROR;
				CLANG_WARN_DOCUMENTATION_COMMENTS = YES;
				CLANG_WARN_EMPTY_BODY = YES;
				CLANG_WARN_ENUM_CONVERSION = YES;
				CLANG_WARN_INFINITE_RECURSION = YES;
				CLANG_WARN_INT_CONVERSION = YES;
				CLANG_WARN_NON_LITERAL_NULL_CONVERSION = YES;
				CLANG_WARN_OBJC_IMPLICIT_RETAIN_SELF = YES;
				CLANG_WARN_OBJC_LITERAL_CONVERSION = YES;
				CLANG_WARN_OBJC_ROOT_CLASS = YES_ERROR;
				CLANG_WARN_RANGE_LOOP_ANALYSIS = YES;
				CLANG_WARN_STRICT_PROTOTYPES = YES;
				CLANG_WARN_SUSPICIOUS_MOVE = YES;
				CLANG_WARN_UNGUARDED_AVAILABILITY = YES_AGGRESSIVE;
				CLANG_WARN_UNREACHABLE_CODE = YES;
				CLANG_WARN__DUPLICATE_METHOD_MATCH = YES;
				CODE_SIGN_IDENTITY = "iPhone Developer";
				COPY_PHASE_STRIP = NO;
				DEBUG_INFORMATION_FORMAT = "dwarf-with-dsym";
				ENABLE_NS_ASSERTIONS = NO;
				ENABLE_STRICT_OBJC_MSGSEND = YES;
				GCC_C_LANGUAGE_STANDARD = gnu11;
				GCC_NO_COMMON_BLOCKS = YES;
				GCC_WARN_64_TO_32_BIT_CONVERSION = YES;
				GCC_WARN_ABOUT_RETURN_TYPE = YES_ERROR;
				GCC_WARN_UNDECLARED_SELECTOR = YES;
				GCC_WARN_UNINITIALIZED_AUTOS = YES_AGGRESSIVE;
				GCC_WARN_UNUSED_FUNCTION = YES;
				GCC_WARN_UNUSED_VARIABLE = YES;
				IPHONEOS_DEPLOYMENT_TARGET = 12.1;
				MTL_ENABLE_DEBUG_INFO = NO;
				MTL_FAST_MATH = YES;
				SDKROOT = iphoneos;
				SWIFT_COMPILATION_MODE = wholemodule;
				SWIFT_OPTIMIZATION_LEVEL = "-O";
				VALIDATE_PRODUCT = YES;
			};
			name = Release;
		};
		B5615DC72284051F0032BF41 /* Debug */ = {
			isa = XCBuildConfiguration;
			buildSettings = {
				ASSETCATALOG_COMPILER_APPICON_NAME = AppIcon;
				CLANG_ENABLE_MODULES = YES;
				CODE_SIGN_STYLE = Automatic;
				DEVELOPMENT_TEAM = RCFEBWFYQR;
				ENABLE_BITCODE = NO;
				FRAMEWORK_SEARCH_PATHS = "$(inherited)";
				HEADER_SEARCH_PATHS = "$(inherited)";
				INFOPLIST_FILE = SwiftLayaNative/Info.plist;
				LD_RUNPATH_SEARCH_PATHS = (
					"$(inherited)",
					"@executable_path/Frameworks",
				);
				LIBRARY_SEARCH_PATHS = (
					"$(inherited)",
					"LayaRuntime-iOS/libs",
					"$(PROJECT_DIR)/LayaRuntime-iOS/libs",
				);
				OTHER_CFLAGS = "-ILayaRuntime-iOS/include/";
				OTHER_LDFLAGS = (
					"$(inherited)",
					"-ObjC",
				);
				PRODUCT_BUNDLE_IDENTIFIER = com.fiction.jmt.SwiftLayaNative;
				PRODUCT_NAME = "$(TARGET_NAME)";
				SWIFT_OBJC_BRIDGING_HEADER = "SwiftLayaNative/SwiftLayaNative-Bridging-Header.h";
				SWIFT_OPTIMIZATION_LEVEL = "-Onone";
				SWIFT_VERSION = 4.2;
				TARGETED_DEVICE_FAMILY = "1,2";
			};
			name = Debug;
		};
		B5615DC82284051F0032BF41 /* Release */ = {
			isa = XCBuildConfiguration;
			buildSettings = {
				ASSETCATALOG_COMPILER_APPICON_NAME = AppIcon;
				CLANG_ENABLE_MODULES = YES;
				CODE_SIGN_STYLE = Automatic;
				DEVELOPMENT_TEAM = RCFEBWFYQR;
				ENABLE_BITCODE = NO;
				FRAMEWORK_SEARCH_PATHS = "$(inherited)";
				HEADER_SEARCH_PATHS = "$(inherited)";
				INFOPLIST_FILE = SwiftLayaNative/Info.plist;
				LD_RUNPATH_SEARCH_PATHS = (
					"$(inherited)",
					"@executable_path/Frameworks",
				);
				LIBRARY_SEARCH_PATHS = (
					"$(inherited)",
					"LayaRuntime-iOS/libs",
					"$(PROJECT_DIR)/LayaRuntime-iOS/libs",
				);
				OTHER_CFLAGS = "-ILayaRuntime-iOS/include/";
				OTHER_LDFLAGS = (
					"$(inherited)",
					"-ObjC",
				);
				PRODUCT_BUNDLE_IDENTIFIER = com.fiction.jmt.SwiftLayaNative;
				PRODUCT_NAME = "$(TARGET_NAME)";
				SWIFT_OBJC_BRIDGING_HEADER = "SwiftLayaNative/SwiftLayaNative-Bridging-Header.h";
				SWIFT_VERSION = 4.2;
				TARGETED_DEVICE_FAMILY = "1,2";
			};
			name = Release;
		};
		B5615DCA2284051F0032BF41 /* Debug */ = {
			isa = XCBuildConfiguration;
			buildSettings = {
				ALWAYS_EMBED_SWIFT_STANDARD_LIBRARIES = YES;
				BUNDLE_LOADER = "$(TEST_HOST)";
				CODE_SIGN_STYLE = Automatic;
				DEVELOPMENT_TEAM = RCFEBWFYQR;
				INFOPLIST_FILE = SwiftLayaNativeTests/Info.plist;
				LD_RUNPATH_SEARCH_PATHS = (
					"$(inherited)",
					"@executable_path/Frameworks",
					"@loader_path/Frameworks",
				);
				PRODUCT_BUNDLE_IDENTIFIER = com.fiction.jmt.SwiftLayaNativeTests;
				PRODUCT_NAME = "$(TARGET_NAME)";
				SWIFT_VERSION = 4.2;
				TARGETED_DEVICE_FAMILY = "1,2";
				TEST_HOST = "$(BUILT_PRODUCTS_DIR)/SwiftLayaNative.app/SwiftLayaNative";
			};
			name = Debug;
		};
		B5615DCB2284051F0032BF41 /* Release */ = {
			isa = XCBuildConfiguration;
			buildSettings = {
				ALWAYS_EMBED_SWIFT_STANDARD_LIBRARIES = YES;
				BUNDLE_LOADER = "$(TEST_HOST)";
				CODE_SIGN_STYLE = Automatic;
				DEVELOPMENT_TEAM = RCFEBWFYQR;
				INFOPLIST_FILE = SwiftLayaNativeTests/Info.plist;
				LD_RUNPATH_SEARCH_PATHS = (
					"$(inherited)",
					"@executable_path/Frameworks",
					"@loader_path/Frameworks",
				);
				PRODUCT_BUNDLE_IDENTIFIER = com.fiction.jmt.SwiftLayaNativeTests;
				PRODUCT_NAME = "$(TARGET_NAME)";
				SWIFT_VERSION = 4.2;
				TARGETED_DEVICE_FAMILY = "1,2";
				TEST_HOST = "$(BUILT_PRODUCTS_DIR)/SwiftLayaNative.app/SwiftLayaNative";
			};
			name = Release;
		};
		B5615DCD2284051F0032BF41 /* Debug */ = {
			isa = XCBuildConfiguration;
			buildSettings = {
				ALWAYS_EMBED_SWIFT_STANDARD_LIBRARIES = YES;
				CODE_SIGN_STYLE = Automatic;
				DEVELOPMENT_TEAM = RCFEBWFYQR;
				INFOPLIST_FILE = SwiftLayaNativeUITests/Info.plist;
				LD_RUNPATH_SEARCH_PATHS = (
					"$(inherited)",
					"@executable_path/Frameworks",
					"@loader_path/Frameworks",
				);
				PRODUCT_BUNDLE_IDENTIFIER = com.fiction.jmt.SwiftLayaNativeUITests;
				PRODUCT_NAME = "$(TARGET_NAME)";
				SWIFT_VERSION = 4.2;
				TARGETED_DEVICE_FAMILY = "1,2";
				TEST_TARGET_NAME = SwiftLayaNative;
			};
			name = Debug;
		};
		B5615DCE2284051F0032BF41 /* Release */ = {
			isa = XCBuildConfiguration;
			buildSettings = {
				ALWAYS_EMBED_SWIFT_STANDARD_LIBRARIES = YES;
				CODE_SIGN_STYLE = Automatic;
				DEVELOPMENT_TEAM = RCFEBWFYQR;
				INFOPLIST_FILE = SwiftLayaNativeUITests/Info.plist;
				LD_RUNPATH_SEARCH_PATHS = (
					"$(inherited)",
					"@executable_path/Frameworks",
					"@loader_path/Frameworks",
				);
				PRODUCT_BUNDLE_IDENTIFIER = com.fiction.jmt.SwiftLayaNativeUITests;
				PRODUCT_NAME = "$(TARGET_NAME)";
				SWIFT_VERSION = 4.2;
				TARGETED_DEVICE_FAMILY = "1,2";
				TEST_TARGET_NAME = SwiftLayaNative;
			};
			name = Release;
		};
/* End XCBuildConfiguration section */

/* Begin XCConfigurationList section */
		B5615D992284051E0032BF41 /* Build configuration list for PBXProject "SwiftLayaNative" */ = {
			isa = XCConfigurationList;
			buildConfigurations = (
				B5615DC42284051F0032BF41 /* Debug */,
				B5615DC52284051F0032BF41 /* Release */,
			);
			defaultConfigurationIsVisible = 0;
			defaultConfigurationName = Release;
		};
		B5615DC62284051F0032BF41 /* Build configuration list for PBXNativeTarget "SwiftLayaNative" */ = {
			isa = XCConfigurationList;
			buildConfigurations = (
				B5615DC72284051F0032BF41 /* Debug */,
				B5615DC82284051F0032BF41 /* Release */,
			);
			defaultConfigurationIsVisible = 0;
			defaultConfigurationName = Release;
		};
		B5615DC92284051F0032BF41 /* Build configuration list for PBXNativeTarget "SwiftLayaNativeTests" */ = {
			isa = XCConfigurationList;
			buildConfigurations = (
				B5615DCA2284051F0032BF41 /* Debug */,
				B5615DCB2284051F0032BF41 /* Release */,
			);
			defaultConfigurationIsVisible = 0;
			defaultConfigurationName = Release;
		};
		B5615DCC2284051F0032BF41 /* Build configuration list for PBXNativeTarget "SwiftLayaNativeUITests" */ = {
			isa = XCConfigurationList;
			buildConfigurations = (
				B5615DCD2284051F0032BF41 /* Debug */,
				B5615DCE2284051F0032BF41 /* Release */,
			);
			defaultConfigurationIsVisible = 0;
			defaultConfigurationName = Release;
		};
/* End XCConfigurationList section */
	};
	rootObject = B5615D962284051E0032BF41 /* Project object */;
}
